{
  "originHash" : "868715fdb4423b14f2b1fa19fd8f1c7ae4bf1b7dd61c1cd8c1afd22531409e52",
  "pins" : [
    {
      "identity" : "lottie-ios",
      "kind" : "remoteSourceControl",
      "location" : "https://github.com/airbnb/lottie-ios.git",
      "state" : {
        "revision" : "fe4c6fe3a0aa66cdeb51d549623c82ca9704b9a5",
        "version" : "4.5.0"
      }
    },
    {
      "identity" : "swift-sdk",
      "kind" : "remoteSourceControl",
      "location" : "https://github.com/configcat/swift-sdk",
      "state" : {
        "revision" : "2635fa55d7f4be65f466cb3a624675ae74a072ad",
        "version" : "11.2.0"
      }
    }
  ],
  "version" : 3
}
