// !$*UTF8*$!
{
	archiveVersion = 1;
	classes = {
	};
	objectVersion = 77;
	objects = {

/* Begin PBXBuildFile section */
		0C0D68FF2D17246100FEC62D /* ButtonBg.json in Resources */ = {isa = PBXBuildFile; fileRef = 0C0D68FE2D17246100FEC62D /* ButtonBg.json */; };
		0C0D69012D17296B00FEC62D /* DescriptionBg.json in Resources */ = {isa = PBXBuildFile; fileRef = 0C0D69002D17296B00FEC62D /* DescriptionBg.json */; };
		0C6F47812D162DCF008DD811 /* Preview Assets.xcassets in Resources */ = {isa = PBXBuildFile; fileRef = 0C6F477A2D162DCF008DD811 /* Preview Assets.xcassets */; };
		0C6F47822D162DCF008DD811 /* Assets.xcassets in Resources */ = {isa = PBXBuildFile; fileRef = 0C6F477C2D162DCF008DD811 /* Assets.xcassets */; };
		0C6F47832D162DCF008DD811 /* ContentView.swift in Sources */ = {isa = PBXBuildFile; fileRef = 0C6F477D2D162DCF008DD811 /* ContentView.swift */; };
		0C6F47842D162DCF008DD811 /* SuprivacyApp.swift in Sources */ = {isa = PBXBuildFile; fileRef = 0C6F477F2D162DCF008DD811 /* SuprivacyApp.swift */; };
		0C6F47892D162DEF008DD811 /* ImageResize.swift in Sources */ = {isa = PBXBuildFile; fileRef = 0C6F47872D162DEF008DD811 /* ImageResize.swift */; };
		0C6F478A2D162DEF008DD811 /* Description.swift in Sources */ = {isa = PBXBuildFile; fileRef = 0C6F47862D162DEF008DD811 /* Description.swift */; };
		0C6F478B2D162DEF008DD811 /* PrivacySupport.swift in Sources */ = {isa = PBXBuildFile; fileRef = 0C6F47852D162DEF008DD811 /* PrivacySupport.swift */; };
		0C6F47932D162DF2008DD811 /* Animation - 1734730296826.json in Resources */ = {isa = PBXBuildFile; fileRef = 0C6F478D2D162DF2008DD811 /* Animation - 1734730296826.json */; };
		0C6F47942D162DF2008DD811 /* Animation - 1734730219117.json in Resources */ = {isa = PBXBuildFile; fileRef = 0C6F478C2D162DF2008DD811 /* Animation - 1734730219117.json */; };
		0C6F47952D162DF2008DD811 /* Animation - 1734730564918.json in Resources */ = {isa = PBXBuildFile; fileRef = 0C6F478E2D162DF2008DD811 /* Animation - 1734730564918.json */; };
		0C6F47962D162DF2008DD811 /* APIResponse.swift in Sources */ = {isa = PBXBuildFile; fileRef = 0C6F47902D162DF2008DD811 /* APIResponse.swift */; };
		0C6F47972D162DF2008DD811 /* ElementsUI.swift in Sources */ = {isa = PBXBuildFile; fileRef = 0C6F47912D162DF2008DD811 /* ElementsUI.swift */; };
		0C6F479B2D162DF4008DD811 /* TemplatesPrivacy.swift in Sources */ = {isa = PBXBuildFile; fileRef = 0C6F47982D162DF4008DD811 /* TemplatesPrivacy.swift */; };
		0C6F479C2D162DF4008DD811 /* TemplatesSupport.swift in Sources */ = {isa = PBXBuildFile; fileRef = 0C6F47992D162DF4008DD811 /* TemplatesSupport.swift */; };
		0C6F479F2D162E2B008DD811 /* Lottie in Frameworks */ = {isa = PBXBuildFile; productRef = 0C6F479E2D162E2B008DD811 /* Lottie */; };
		0C6F47A22D162E3B008DD811 /* ConfigCat in Frameworks */ = {isa = PBXBuildFile; productRef = 0C6F47A12D162E3B008DD811 /* ConfigCat */; };
		0CCE3F1B2D1877A100CC338C /* ConceptImagine.swift in Sources */ = {isa = PBXBuildFile; fileRef = 0CCE3F1A2D1877A000CC338C /* ConceptImagine.swift */; };
		0CCE3F1D2D1877AE00CC338C /* ApiKeys.swift in Sources */ = {isa = PBXBuildFile; fileRef = 0CCE3F1C2D1877AE00CC338C /* ApiKeys.swift */; };
/* End PBXBuildFile section */

/* Begin PBXFileReference section */
		0C0D68FE2D17246100FEC62D /* ButtonBg.json */ = {isa = PBXFileReference; lastKnownFileType = text.json; path = ButtonBg.json; sourceTree = "<group>"; };
		0C0D69002D17296B00FEC62D /* DescriptionBg.json */ = {isa = PBXFileReference; lastKnownFileType = text.json; path = DescriptionBg.json; sourceTree = "<group>"; };
		0C6F47682D162DC1008DD811 /* Suprivacy.app */ = {isa = PBXFileReference; explicitFileType = wrapper.application; includeInIndex = 0; path = Suprivacy.app; sourceTree = BUILT_PRODUCTS_DIR; };
		0C6F477A2D162DCF008DD811 /* Preview Assets.xcassets */ = {isa = PBXFileReference; lastKnownFileType = folder.assetcatalog; path = "Preview Assets.xcassets"; sourceTree = "<group>"; };
		0C6F477C2D162DCF008DD811 /* Assets.xcassets */ = {isa = PBXFileReference; lastKnownFileType = folder.assetcatalog; path = Assets.xcassets; sourceTree = "<group>"; };
		0C6F477D2D162DCF008DD811 /* ContentView.swift */ = {isa = PBXFileReference; lastKnownFileType = sourcecode.swift; path = ContentView.swift; sourceTree = "<group>"; };
		0C6F477E2D162DCF008DD811 /* Suprivacy.entitlements */ = {isa = PBXFileReference; lastKnownFileType = text.plist.entitlements; path = Suprivacy.entitlements; sourceTree = "<group>"; };
		0C6F477F2D162DCF008DD811 /* SuprivacyApp.swift */ = {isa = PBXFileReference; lastKnownFileType = sourcecode.swift; path = SuprivacyApp.swift; sourceTree = "<group>"; };
		0C6F47852D162DEF008DD811 /* PrivacySupport.swift */ = {isa = PBXFileReference; lastKnownFileType = sourcecode.swift; path = PrivacySupport.swift; sourceTree = "<group>"; };
		0C6F47862D162DEF008DD811 /* Description.swift */ = {isa = PBXFileReference; lastKnownFileType = sourcecode.swift; path = Description.swift; sourceTree = "<group>"; };
		0C6F47872D162DEF008DD811 /* ImageResize.swift */ = {isa = PBXFileReference; lastKnownFileType = sourcecode.swift; path = ImageResize.swift; sourceTree = "<group>"; };
		0C6F478C2D162DF2008DD811 /* Animation - 1734730219117.json */ = {isa = PBXFileReference; lastKnownFileType = text.json; path = "Animation - 1734730219117.json"; sourceTree = "<group>"; };
		0C6F478D2D162DF2008DD811 /* Animation - 1734730296826.json */ = {isa = PBXFileReference; lastKnownFileType = text.json; path = "Animation - 1734730296826.json"; sourceTree = "<group>"; };
		0C6F478E2D162DF2008DD811 /* Animation - 1734730564918.json */ = {isa = PBXFileReference; lastKnownFileType = text.json; path = "Animation - 1734730564918.json"; sourceTree = "<group>"; };
		0C6F47902D162DF2008DD811 /* APIResponse.swift */ = {isa = PBXFileReference; lastKnownFileType = sourcecode.swift; path = APIResponse.swift; sourceTree = "<group>"; };
		0C6F47912D162DF2008DD811 /* ElementsUI.swift */ = {isa = PBXFileReference; lastKnownFileType = sourcecode.swift; path = ElementsUI.swift; sourceTree = "<group>"; };
		0C6F47982D162DF4008DD811 /* TemplatesPrivacy.swift */ = {isa = PBXFileReference; lastKnownFileType = sourcecode.swift; path = TemplatesPrivacy.swift; sourceTree = "<group>"; };
		0C6F47992D162DF4008DD811 /* TemplatesSupport.swift */ = {isa = PBXFileReference; lastKnownFileType = sourcecode.swift; path = TemplatesSupport.swift; sourceTree = "<group>"; };
		0C6F47A32D162F83008DD811 /* Info.plist */ = {isa = PBXFileReference; lastKnownFileType = text.plist; path = Info.plist; sourceTree = "<group>"; };
		0CCE3F1A2D1877A000CC338C /* ConceptImagine.swift */ = {isa = PBXFileReference; lastKnownFileType = sourcecode.swift; path = ConceptImagine.swift; sourceTree = "<group>"; };
		0CCE3F1C2D1877AE00CC338C /* ApiKeys.swift */ = {isa = PBXFileReference; lastKnownFileType = sourcecode.swift; path = ApiKeys.swift; sourceTree = "<group>"; };
/* End PBXFileReference section */

/* Begin PBXFrameworksBuildPhase section */
		0C6F47652D162DC1008DD811 /* Frameworks */ = {
			isa = PBXFrameworksBuildPhase;
			buildActionMask = 2147483647;
			files = (
				0C6F479F2D162E2B008DD811 /* Lottie in Frameworks */,
				0C6F47A22D162E3B008DD811 /* ConfigCat in Frameworks */,
			);
			runOnlyForDeploymentPostprocessing = 0;
		};
/* End PBXFrameworksBuildPhase section */

/* Begin PBXGroup section */
		0C6F475F2D162DC1008DD811 = {
			isa = PBXGroup;
			children = (
				0C6F47802D162DCF008DD811 /* Suprivacy */,
				0C6F47692D162DC1008DD811 /* Products */,
			);
			sourceTree = "<group>";
		};
		0C6F47692D162DC1008DD811 /* Products */ = {
			isa = PBXGroup;
			children = (
				0C6F47682D162DC1008DD811 /* Suprivacy.app */,
			);
			name = Products;
			sourceTree = "<group>";
		};
		0C6F477B2D162DCF008DD811 /* Preview Content */ = {
			isa = PBXGroup;
			children = (
				0C6F477A2D162DCF008DD811 /* Preview Assets.xcassets */,
			);
			path = "Preview Content";
			sourceTree = "<group>";
		};
		0C6F47802D162DCF008DD811 /* Suprivacy */ = {
			isa = PBXGroup;
			children = (
				0C6F47A32D162F83008DD811 /* Info.plist */,
				0C6F479A2D162DF4008DD811 /* Templates */,
				0C6F47922D162DF2008DD811 /* Helpers */,
				0C6F47882D162DEF008DD811 /* UI */,
				0C6F477B2D162DCF008DD811 /* Preview Content */,
				0C6F477C2D162DCF008DD811 /* Assets.xcassets */,
				0C6F477D2D162DCF008DD811 /* ContentView.swift */,
				0C6F477E2D162DCF008DD811 /* Suprivacy.entitlements */,
				0C6F477F2D162DCF008DD811 /* SuprivacyApp.swift */,
			);
			path = Suprivacy;
			sourceTree = "<group>";
		};
		0C6F47882D162DEF008DD811 /* UI */ = {
			isa = PBXGroup;
			children = (
				0C6F47852D162DEF008DD811 /* PrivacySupport.swift */,
				0C6F47862D162DEF008DD811 /* Description.swift */,
				0C6F47872D162DEF008DD811 /* ImageResize.swift */,
				0CCE3F1A2D1877A000CC338C /* ConceptImagine.swift */,
			);
			path = UI;
			sourceTree = "<group>";
		};
		0C6F478F2D162DF2008DD811 /* Animations */ = {
			isa = PBXGroup;
			children = (
				0C6F478C2D162DF2008DD811 /* Animation - 1734730219117.json */,
				0C0D68FE2D17246100FEC62D /* ButtonBg.json */,
				0C0D69002D17296B00FEC62D /* DescriptionBg.json */,
				0C6F478D2D162DF2008DD811 /* Animation - 1734730296826.json */,
				0C6F478E2D162DF2008DD811 /* Animation - 1734730564918.json */,
			);
			path = Animations;
			sourceTree = "<group>";
		};
		0C6F47922D162DF2008DD811 /* Helpers */ = {
			isa = PBXGroup;
			children = (
				0C6F478F2D162DF2008DD811 /* Animations */,
				0C6F47902D162DF2008DD811 /* APIResponse.swift */,
				0C6F47912D162DF2008DD811 /* ElementsUI.swift */,
				0CCE3F1C2D1877AE00CC338C /* ApiKeys.swift */,
			);
			path = Helpers;
			sourceTree = "<group>";
		};
		0C6F479A2D162DF4008DD811 /* Templates */ = {
			isa = PBXGroup;
			children = (
				0C6F47982D162DF4008DD811 /* TemplatesPrivacy.swift */,
				0C6F47992D162DF4008DD811 /* TemplatesSupport.swift */,
			);
			path = Templates;
			sourceTree = "<group>";
		};
/* End PBXGroup section */

/* Begin PBXNativeTarget section */
		0C6F47672D162DC1008DD811 /* Suprivacy */ = {
			isa = PBXNativeTarget;
			buildConfigurationList = 0C6F47772D162DC3008DD811 /* Build configuration list for PBXNativeTarget "Suprivacy" */;
			buildPhases = (
				0C6F47642D162DC1008DD811 /* Sources */,
				0C6F47652D162DC1008DD811 /* Frameworks */,
				0C6F47662D162DC1008DD811 /* Resources */,
			);
			buildRules = (
			);
			dependencies = (
			);
			name = Suprivacy;
			packageProductDependencies = (
				0C6F479E2D162E2B008DD811 /* Lottie */,
				0C6F47A12D162E3B008DD811 /* ConfigCat */,
			);
			productName = Suprivacy;
			productReference = 0C6F47682D162DC1008DD811 /* Suprivacy.app */;
			productType = "com.apple.product-type.application";
		};
/* End PBXNativeTarget section */

/* Begin PBXProject section */
		0C6F47602D162DC1008DD811 /* Project object */ = {
			isa = PBXProject;
			attributes = {
				BuildIndependentTargetsInParallel = 1;
				LastSwiftUpdateCheck = 1600;
				LastUpgradeCheck = 1600;
				TargetAttributes = {
					0C6F47672D162DC1008DD811 = {
						CreatedOnToolsVersion = 16.0;
					};
				};
			};
			buildConfigurationList = 0C6F47632D162DC1008DD811 /* Build configuration list for PBXProject "Suprivacy" */;
			developmentRegion = en;
			hasScannedForEncodings = 0;
			knownRegions = (
				en,
				Base,
			);
			mainGroup = 0C6F475F2D162DC1008DD811;
			minimizedProjectReferenceProxies = 1;
			packageReferences = (
				0C6F479D2D162E2B008DD811 /* XCRemoteSwiftPackageReference "lottie-ios" */,
				0C6F47A02D162E3B008DD811 /* XCRemoteSwiftPackageReference "swift-sdk" */,
			);
			preferredProjectObjectVersion = 77;
			productRefGroup = 0C6F47692D162DC1008DD811 /* Products */;
			projectDirPath = "";
			projectRoot = "";
			targets = (
				0C6F47672D162DC1008DD811 /* Suprivacy */,
			);
		};
/* End PBXProject section */

/* Begin PBXResourcesBuildPhase section */
		0C6F47662D162DC1008DD811 /* Resources */ = {
			isa = PBXResourcesBuildPhase;
			buildActionMask = 2147483647;
			files = (
				0C0D69012D17296B00FEC62D /* DescriptionBg.json in Resources */,
				0C0D68FF2D17246100FEC62D /* ButtonBg.json in Resources */,
				0C6F47812D162DCF008DD811 /* Preview Assets.xcassets in Resources */,
				0C6F47932D162DF2008DD811 /* Animation - 1734730296826.json in Resources */,
				0C6F47942D162DF2008DD811 /* Animation - 1734730219117.json in Resources */,
				0C6F47952D162DF2008DD811 /* Animation - 1734730564918.json in Resources */,
				0C6F47822D162DCF008DD811 /* Assets.xcassets in Resources */,
			);
			runOnlyForDeploymentPostprocessing = 0;
		};
/* End PBXResourcesBuildPhase section */

/* Begin PBXSourcesBuildPhase section */
		0C6F47642D162DC1008DD811 /* Sources */ = {
			isa = PBXSourcesBuildPhase;
			buildActionMask = 2147483647;
			files = (
				0C6F47832D162DCF008DD811 /* ContentView.swift in Sources */,
				0CCE3F1D2D1877AE00CC338C /* ApiKeys.swift in Sources */,
				0C6F47962D162DF2008DD811 /* APIResponse.swift in Sources */,
				0C6F47972D162DF2008DD811 /* ElementsUI.swift in Sources */,
				0C6F479B2D162DF4008DD811 /* TemplatesPrivacy.swift in Sources */,
				0C6F479C2D162DF4008DD811 /* TemplatesSupport.swift in Sources */,
				0C6F47892D162DEF008DD811 /* ImageResize.swift in Sources */,
				0C6F478A2D162DEF008DD811 /* Description.swift in Sources */,
				0C6F478B2D162DEF008DD811 /* PrivacySupport.swift in Sources */,
				0C6F47842D162DCF008DD811 /* SuprivacyApp.swift in Sources */,
				0CCE3F1B2D1877A100CC338C /* ConceptImagine.swift in Sources */,
			);
			runOnlyForDeploymentPostprocessing = 0;
		};
/* End PBXSourcesBuildPhase section */

/* Begin XCBuildConfiguration section */
		0C6F47752D162DC3008DD811 /* Debug */ = {
			isa = XCBuildConfiguration;
			buildSettings = {
				ALWAYS_SEARCH_USER_PATHS = NO;
				ASSETCATALOG_COMPILER_GENERATE_SWIFT_ASSET_SYMBOL_EXTENSIONS = YES;
				CLANG_ANALYZER_NONNULL = YES;
				CLANG_ANALYZER_NUMBER_OBJECT_CONVERSION = YES_AGGRESSIVE;
				CLANG_CXX_LANGUAGE_STANDARD = "gnu++20";
				CLANG_ENABLE_MODULES = YES;
				CLANG_ENABLE_OBJC_ARC = YES;
				CLANG_ENABLE_OBJC_WEAK = YES;
				CLANG_WARN_BLOCK_CAPTURE_AUTORELEASING = YES;
				CLANG_WARN_BOOL_CONVERSION = YES;
				CLANG_WARN_COMMA = YES;
				CLANG_WARN_CONSTANT_CONVERSION = YES;
				CLANG_WARN_DEPRECATED_OBJC_IMPLEMENTATIONS = YES;
				CLANG_WARN_DIRECT_OBJC_ISA_USAGE = YES_ERROR;
				CLANG_WARN_DOCUMENTATION_COMMENTS = YES;
				CLANG_WARN_EMPTY_BODY = YES;
				CLANG_WARN_ENUM_CONVERSION = YES;
				CLANG_WARN_INFINITE_RECURSION = YES;
				CLANG_WARN_INT_CONVERSION = YES;
				CLANG_WARN_NON_LITERAL_NULL_CONVERSION = YES;
				CLANG_WARN_OBJC_IMPLICIT_RETAIN_SELF = YES;
				CLANG_WARN_OBJC_LITERAL_CONVERSION = YES;
				CLANG_WARN_OBJC_ROOT_CLASS = YES_ERROR;
				CLANG_WARN_QUOTED_INCLUDE_IN_FRAMEWORK_HEADER = YES;
				CLANG_WARN_RANGE_LOOP_ANALYSIS = YES;
				CLANG_WARN_STRICT_PROTOTYPES = YES;
				CLANG_WARN_SUSPICIOUS_MOVE = YES;
				CLANG_WARN_UNGUARDED_AVAILABILITY = YES_AGGRESSIVE;
				CLANG_WARN_UNREACHABLE_CODE = YES;
				CLANG_WARN__DUPLICATE_METHOD_MATCH = YES;
				COPY_PHASE_STRIP = NO;
				DEBUG_INFORMATION_FORMAT = dwarf;
				ENABLE_STRICT_OBJC_MSGSEND = YES;
				ENABLE_TESTABILITY = YES;
				ENABLE_USER_SCRIPT_SANDBOXING = YES;
				GCC_C_LANGUAGE_STANDARD = gnu17;
				GCC_DYNAMIC_NO_PIC = NO;
				GCC_NO_COMMON_BLOCKS = YES;
				GCC_OPTIMIZATION_LEVEL = 0;
				GCC_PREPROCESSOR_DEFINITIONS = (
					"DEBUG=1",
					"$(inherited)",
				);
				GCC_WARN_64_TO_32_BIT_CONVERSION = YES;
				GCC_WARN_ABOUT_RETURN_TYPE = YES_ERROR;
				GCC_WARN_UNDECLARED_SELECTOR = YES;
				GCC_WARN_UNINITIALIZED_AUTOS = YES_AGGRESSIVE;
				GCC_WARN_UNUSED_FUNCTION = YES;
				GCC_WARN_UNUSED_VARIABLE = YES;
				LOCALIZATION_PREFERS_STRING_CATALOGS = YES;
				MACOSX_DEPLOYMENT_TARGET = 15.0;
				MTL_ENABLE_DEBUG_INFO = INCLUDE_SOURCE;
				MTL_FAST_MATH = YES;
				ONLY_ACTIVE_ARCH = YES;
				SDKROOT = macosx;
				SWIFT_ACTIVE_COMPILATION_CONDITIONS = "DEBUG $(inherited)";
				SWIFT_OPTIMIZATION_LEVEL = "-Onone";
			};
			name = Debug;
		};
		0C6F47762D162DC3008DD811 /* Release */ = {
			isa = XCBuildConfiguration;
			buildSettings = {
				ALWAYS_SEARCH_USER_PATHS = NO;
				ASSETCATALOG_COMPILER_GENERATE_SWIFT_ASSET_SYMBOL_EXTENSIONS = YES;
				CLANG_ANALYZER_NONNULL = YES;
				CLANG_ANALYZER_NUMBER_OBJECT_CONVERSION = YES_AGGRESSIVE;
				CLANG_CXX_LANGUAGE_STANDARD = "gnu++20";
				CLANG_ENABLE_MODULES = YES;
				CLANG_ENABLE_OBJC_ARC = YES;
				CLANG_ENABLE_OBJC_WEAK = YES;
				CLANG_WARN_BLOCK_CAPTURE_AUTORELEASING = YES;
				CLANG_WARN_BOOL_CONVERSION = YES;
				CLANG_WARN_COMMA = YES;
				CLANG_WARN_CONSTANT_CONVERSION = YES;
				CLANG_WARN_DEPRECATED_OBJC_IMPLEMENTATIONS = YES;
				CLANG_WARN_DIRECT_OBJC_ISA_USAGE = YES_ERROR;
				CLANG_WARN_DOCUMENTATION_COMMENTS = YES;
				CLANG_WARN_EMPTY_BODY = YES;
				CLANG_WARN_ENUM_CONVERSION = YES;
				CLANG_WARN_INFINITE_RECURSION = YES;
				CLANG_WARN_INT_CONVERSION = YES;
				CLANG_WARN_NON_LITERAL_NULL_CONVERSION = YES;
				CLANG_WARN_OBJC_IMPLICIT_RETAIN_SELF = YES;
				CLANG_WARN_OBJC_LITERAL_CONVERSION = YES;
				CLANG_WARN_OBJC_ROOT_CLASS = YES_ERROR;
				CLANG_WARN_QUOTED_INCLUDE_IN_FRAMEWORK_HEADER = YES;
				CLANG_WARN_RANGE_LOOP_ANALYSIS = YES;
				CLANG_WARN_STRICT_PROTOTYPES = YES;
				CLANG_WARN_SUSPICIOUS_MOVE = YES;
				CLANG_WARN_UNGUARDED_AVAILABILITY = YES_AGGRESSIVE;
				CLANG_WARN_UNREACHABLE_CODE = YES;
				CLANG_WARN__DUPLICATE_METHOD_MATCH = YES;
				COPY_PHASE_STRIP = NO;
				DEBUG_INFORMATION_FORMAT = "dwarf-with-dsym";
				ENABLE_NS_ASSERTIONS = NO;
				ENABLE_STRICT_OBJC_MSGSEND = YES;
				ENABLE_USER_SCRIPT_SANDBOXING = YES;
				GCC_C_LANGUAGE_STANDARD = gnu17;
				GCC_NO_COMMON_BLOCKS = YES;
				GCC_WARN_64_TO_32_BIT_CONVERSION = YES;
				GCC_WARN_ABOUT_RETURN_TYPE = YES_ERROR;
				GCC_WARN_UNDECLARED_SELECTOR = YES;
				GCC_WARN_UNINITIALIZED_AUTOS = YES_AGGRESSIVE;
				GCC_WARN_UNUSED_FUNCTION = YES;
				GCC_WARN_UNUSED_VARIABLE = YES;
				LOCALIZATION_PREFERS_STRING_CATALOGS = YES;
				MACOSX_DEPLOYMENT_TARGET = 15.0;
				MTL_ENABLE_DEBUG_INFO = NO;
				MTL_FAST_MATH = YES;
				SDKROOT = macosx;
				SWIFT_COMPILATION_MODE = wholemodule;
			};
			name = Release;
		};
		0C6F47782D162DC3008DD811 /* Debug */ = {
			isa = XCBuildConfiguration;
			buildSettings = {
				ASSETCATALOG_COMPILER_APPICON_NAME = AppIcon;
				ASSETCATALOG_COMPILER_GLOBAL_ACCENT_COLOR_NAME = AccentColor;
				CODE_SIGN_ENTITLEMENTS = Suprivacy/Suprivacy.entitlements;
				CODE_SIGN_STYLE = Manual;
				COMBINE_HIDPI_IMAGES = YES;
				CURRENT_PROJECT_VERSION = 1;
				DEVELOPMENT_ASSET_PATHS = "\"Suprivacy/Preview Content\"";
				DEVELOPMENT_TEAM = "";
				ENABLE_HARDENED_RUNTIME = YES;
				ENABLE_PREVIEWS = YES;
				GENERATE_INFOPLIST_FILE = YES;
				INFOPLIST_FILE = Suprivacy/Info.plist;
				INFOPLIST_KEY_LSApplicationCategoryType = "public.app-category.developer-tools";
				INFOPLIST_KEY_NSHumanReadableCopyright = "";
				LD_RUNPATH_SEARCH_PATHS = (
					"$(inherited)",
					"@executable_path/../Frameworks",
				);
				MACOSX_DEPLOYMENT_TARGET = 14.0;
				MARKETING_VERSION = 1.0;
				PRODUCT_BUNDLE_IDENTIFIER = com.poomgames.catfor1.Suprivacy;
				PRODUCT_NAME = "$(TARGET_NAME)";
				PROVISIONING_PROFILE_SPECIFIER = "";
				SWIFT_EMIT_LOC_STRINGS = YES;
				SWIFT_VERSION = 5.0;
			};
			name = Debug;
		};
		0C6F47792D162DC3008DD811 /* Release */ = {
			isa = XCBuildConfiguration;
			buildSettings = {
				ASSETCATALOG_COMPILER_APPICON_NAME = AppIcon;
				ASSETCATALOG_COMPILER_GLOBAL_ACCENT_COLOR_NAME = AccentColor;
				CODE_SIGN_ENTITLEMENTS = Suprivacy/Suprivacy.entitlements;
				CODE_SIGN_STYLE = Manual;
				COMBINE_HIDPI_IMAGES = YES;
				CURRENT_PROJECT_VERSION = 1;
				DEVELOPMENT_ASSET_PATHS = "\"Suprivacy/Preview Content\"";
				DEVELOPMENT_TEAM = "";
				ENABLE_HARDENED_RUNTIME = YES;
				ENABLE_PREVIEWS = YES;
				GENERATE_INFOPLIST_FILE = YES;
				INFOPLIST_FILE = Suprivacy/Info.plist;
				INFOPLIST_KEY_LSApplicationCategoryType = "public.app-category.developer-tools";
				INFOPLIST_KEY_NSHumanReadableCopyright = "";
				LD_RUNPATH_SEARCH_PATHS = (
					"$(inherited)",
					"@executable_path/../Frameworks",
				);
				MACOSX_DEPLOYMENT_TARGET = 14.0;
				MARKETING_VERSION = 1.0;
				PRODUCT_BUNDLE_IDENTIFIER = com.poomgames.catfor1.Suprivacy;
				PRODUCT_NAME = "$(TARGET_NAME)";
				PROVISIONING_PROFILE_SPECIFIER = "";
				SWIFT_EMIT_LOC_STRINGS = YES;
				SWIFT_VERSION = 5.0;
			};
			name = Release;
		};
/* End XCBuildConfiguration section */

/* Begin XCConfigurationList section */
		0C6F47632D162DC1008DD811 /* Build configuration list for PBXProject "Suprivacy" */ = {
			isa = XCConfigurationList;
			buildConfigurations = (
				0C6F47752D162DC3008DD811 /* Debug */,
				0C6F47762D162DC3008DD811 /* Release */,
			);
			defaultConfigurationIsVisible = 0;
			defaultConfigurationName = Release;
		};
		0C6F47772D162DC3008DD811 /* Build configuration list for PBXNativeTarget "Suprivacy" */ = {
			isa = XCConfigurationList;
			buildConfigurations = (
				0C6F47782D162DC3008DD811 /* Debug */,
				0C6F47792D162DC3008DD811 /* Release */,
			);
			defaultConfigurationIsVisible = 0;
			defaultConfigurationName = Release;
		};
/* End XCConfigurationList section */

/* Begin XCRemoteSwiftPackageReference section */
		0C6F479D2D162E2B008DD811 /* XCRemoteSwiftPackageReference "lottie-ios" */ = {
			isa = XCRemoteSwiftPackageReference;
			repositoryURL = "https://github.com/airbnb/lottie-ios.git";
			requirement = {
				kind = upToNextMajorVersion;
				minimumVersion = 4.5.0;
			};
		};
		0C6F47A02D162E3B008DD811 /* XCRemoteSwiftPackageReference "swift-sdk" */ = {
			isa = XCRemoteSwiftPackageReference;
			repositoryURL = "https://github.com/configcat/swift-sdk";
			requirement = {
				kind = upToNextMajorVersion;
				minimumVersion = 11.2.0;
			};
		};
/* End XCRemoteSwiftPackageReference section */

/* Begin XCSwiftPackageProductDependency section */
		0C6F479E2D162E2B008DD811 /* Lottie */ = {
			isa = XCSwiftPackageProductDependency;
			package = 0C6F479D2D162E2B008DD811 /* XCRemoteSwiftPackageReference "lottie-ios" */;
			productName = Lottie;
		};
		0C6F47A12D162E3B008DD811 /* ConfigCat */ = {
			isa = XCSwiftPackageProductDependency;
			package = 0C6F47A02D162E3B008DD811 /* XCRemoteSwiftPackageReference "swift-sdk" */;
			productName = ConfigCat;
		};
/* End XCSwiftPackageProductDependency section */
	};
	rootObject = 0C6F47602D162DC1008DD811 /* Project object */;
}
